
Microsoft Visual Studio Solution File, Format Version 12.00
# Visual Studio Version 17
VisualStudioVersion = 17.2.32516.85
MinimumVisualStudioVersion = 10.0.40219.1
Project("{FAE04EC0-301F-11D3-BF4B-00C04F79EFBC}") = "FigureArea", "FigureArea\FigureArea.csproj", "{D8456762-975B-4AEE-9737-C7F087158DE0}"
EndProject
Project("{FAE04EC0-301F-11D3-BF4B-00C04F79EFBC}") = "TestLib", "TestLib\TestLib.csproj", "{6990C564-2508-4189-95E4-BC2689D636B3}"
EndProject
Global
	GlobalSection(SolutionConfigurationPlatforms) = preSolution
		Debug|Any CPU = Debug|Any CPU
		Release|Any CPU = Release|Any CPU
	EndGlobalSection
	GlobalSection(ProjectConfigurationPlatforms) = postSolution
		{D8456762-975B-4AEE-9737-C7F087158DE0}.Debug|Any CPU.ActiveCfg = Debug|Any CPU
		{D8456762-975B-4AEE-9737-C7F087158DE0}.Debug|Any CPU.Build.0 = Debug|Any CPU
		{D8456762-975B-4AEE-9737-C7F087158DE0}.Release|Any CPU.ActiveCfg = Release|Any CPU
		{D8456762-975B-4AEE-9737-C7F087158DE0}.Release|Any CPU.Build.0 = Release|Any CPU
		{6990C564-2508-4189-95E4-BC2689D636B3}.Debug|Any CPU.ActiveCfg = Debug|Any CPU
		{6990C564-2508-4189-95E4-BC2689D636B3}.Debug|Any CPU.Build.0 = Debug|Any CPU
		{6990C564-2508-4189-95E4-BC2689D636B3}.Release|Any CPU.ActiveCfg = Release|Any CPU
		{6990C564-2508-4189-95E4-BC2689D636B3}.Release|Any CPU.Build.0 = Release|Any CPU
	EndGlobalSection
	GlobalSection(SolutionProperties) = preSolution
		HideSolutionNode = FALSE
	EndGlobalSection
	GlobalSection(ExtensibilityGlobals) = postSolution
		SolutionGuid = {C912BC38-CC58-4FC4-A4D3-DA348AF4836D}
	EndGlobalSection
EndGlobal
